
Microsoft Visual Studio Solution File, Format Version 12.00
# Visual Studio 15
VisualStudioVersion = 15.0.28307.705
MinimumVisualStudioVersion = 10.0.40219.1
Project("{FAE04EC0-301F-11D3-BF4B-00C04F79EFBC}") = "Demo.SignalR", "Demo.SignalR\Demo.SignalR.csproj", "{D3FE5ED7-E301-4196-A3F0-44A7D3497642}"
EndProject
Global
	GlobalSection(SolutionConfigurationPlatforms) = preSolution
		Debug|Any CPU = Debug|Any CPU
		Release|Any CPU = Release|Any CPU
	EndGlobalSection
	GlobalSection(ProjectConfigurationPlatforms) = postSolution
		{D3FE5ED7-E301-4196-A3F0-44A7D3497642}.Debug|Any CPU.ActiveCfg = Debug|Any CPU
		{D3FE5ED7-E301-4196-A3F0-44A7D3497642}.Debug|Any CPU.Build.0 = Debug|Any CPU
		{D3FE5ED7-E301-4196-A3F0-44A7D3497642}.Release|Any CPU.ActiveCfg = Release|Any CPU
		{D3FE5ED7-E301-4196-A3F0-44A7D3497642}.Release|Any CPU.Build.0 = Release|Any CPU
	EndGlobalSection
	GlobalSection(SolutionProperties) = preSolution
		HideSolutionNode = FALSE
	EndGlobalSection
	GlobalSection(ExtensibilityGlobals) = postSolution
		SolutionGuid = {EA676EC6-56C0-46C0-8DCC-B16834CBAD23}
	EndGlobalSection
EndGlobal
